// !$*UTF8*$!
{
	archiveVersion = 1;
	classes = {
	};
	objectVersion = 46;
	objects = {

/* Begin PBXBuildFile section */
		2A1422CB1B3B012F002DD43A /* Listas.plist in Resources */ = {isa = PBXBuildFile; fileRef = 2A1422CA1B3B012F002DD43A /* Listas.plist */; };
		2A1569061B3986E00058ECE8 /* FourthTableViewController.m in Sources */ = {isa = PBXBuildFile; fileRef = 2A1569051B3986E00058ECE8 /* FourthTableViewController.m */; };
		2A1569081B3991C30058ECE8 /* Termos.plist in Resources */ = {isa = PBXBuildFile; fileRef = 2A1569071B3991C30058ECE8 /* Termos.plist */; };
		2A15DDE01B9724EB00C9B0CA /* TestTableViewController.m in Sources */ = {isa = PBXBuildFile; fileRef = 2A15DDDF1B9724EB00C9B0CA /* TestTableViewController.m */; settings = {ASSET_TAGS = (); }; };
		2A15DDE31B972C7D00C9B0CA /* CustomCell.m in Sources */ = {isa = PBXBuildFile; fileRef = 2A15DDE21B972C7D00C9B0CA /* CustomCell.m */; settings = {ASSET_TAGS = (); }; };
		2A49D3541B39833800AB388A /* Doencas.plist in Resources */ = {isa = PBXBuildFile; fileRef = 2A49D3531B39833800AB388A /* Doencas.plist */; };
		2A6CE97A1B28722D0062CB5A /* TableViewController.m in Sources */ = {isa = PBXBuildFile; fileRef = 2A6CE9791B28722D0062CB5A /* TableViewController.m */; };
		2A7453B31B2B0BEF00A7E1EE /* ThirdTableViewController.m in Sources */ = {isa = PBXBuildFile; fileRef = 2A7453B21B2B0BEF00A7E1EE /* ThirdTableViewController.m */; };
		2A851A621B74E52400B4A4A4 /* DesenvolvedoresTableViewController.m in Sources */ = {isa = PBXBuildFile; fileRef = 2A851A611B74E52400B4A4A4 /* DesenvolvedoresTableViewController.m */; };
		2A872EF21B265E5C00252E27 /* main.m in Sources */ = {isa = PBXBuildFile; fileRef = 2A872EF11B265E5C00252E27 /* main.m */; };
		2A872EF51B265E5C00252E27 /* AppDelegate.m in Sources */ = {isa = PBXBuildFile; fileRef = 2A872EF41B265E5C00252E27 /* AppDelegate.m */; };
		2A872EFB1B265E5C00252E27 /* Main.storyboard in Resources */ = {isa = PBXBuildFile; fileRef = 2A872EF91B265E5C00252E27 /* Main.storyboard */; };
		2A872EFD1B265E5C00252E27 /* Images.xcassets in Resources */ = {isa = PBXBuildFile; fileRef = 2A872EFC1B265E5C00252E27 /* Images.xcassets */; };
		2A872F001B265E5C00252E27 /* LaunchScreen.xib in Resources */ = {isa = PBXBuildFile; fileRef = 2A872EFE1B265E5C00252E27 /* LaunchScreen.xib */; };
		2A872F0C1B265E5C00252E27 /* HealthAppTests.m in Sources */ = {isa = PBXBuildFile; fileRef = 2A872F0B1B265E5C00252E27 /* HealthAppTests.m */; };
		2A8DE76A1B3999BF005AA2E0 /* Siglas.plist in Resources */ = {isa = PBXBuildFile; fileRef = 2A8DE7691B3999BF005AA2E0 /* Siglas.plist */; };
		2AC3A0DF1B2867AA0011F857 /* DoencaTableViewController.m in Sources */ = {isa = PBXBuildFile; fileRef = 2AC3A0DE1B2867AA0011F857 /* DoencaTableViewController.m */; };
		4905E48B1B7698D7005BFF29 /* Test.xcdatamodeld in Sources */ = {isa = PBXBuildFile; fileRef = 4905E4891B7698D7005BFF29 /* Test.xcdatamodeld */; };
		490C29D11B39A019004C978B /* Color.m in Sources */ = {isa = PBXBuildFile; fileRef = 490C29D01B39A019004C978B /* Color.m */; };
		493E91181B39B1FC009F6096 /* SiglasTableViewController.m in Sources */ = {isa = PBXBuildFile; fileRef = 493E91171B39B1FC009F6096 /* SiglasTableViewController.m */; };
		493E911B1B39B21A009F6096 /* SiglasViewController.m in Sources */ = {isa = PBXBuildFile; fileRef = 493E911A1B39B21A009F6096 /* SiglasViewController.m */; };
		493E911E1B3A08F7009F6096 /* ResultDripViewController.m in Sources */ = {isa = PBXBuildFile; fileRef = 493E911D1B3A08F7009F6096 /* ResultDripViewController.m */; };
		4940F3B21B7ABA99001277C3 /* RecentesDripTableViewController.m in Sources */ = {isa = PBXBuildFile; fileRef = 4940F3B11B7ABA99001277C3 /* RecentesDripTableViewController.m */; };
		49512EC91B2F0F28009ADD09 /* TermoTableViewController.m in Sources */ = {isa = PBXBuildFile; fileRef = 49512EC81B2F0F28009ADD09 /* TermoTableViewController.m */; };
		49512ECE1B2F2171009ADD09 /* TermoViewController.m in Sources */ = {isa = PBXBuildFile; fileRef = 49512ECD1B2F2171009ADD09 /* TermoViewController.m */; };
		49520F8A1B73A686003055EA /* SobreTableViewController.m in Sources */ = {isa = PBXBuildFile; fileRef = 49520F891B73A686003055EA /* SobreTableViewController.m */; };
		496A06E21B276FB400649400 /* DripViewController.m in Sources */ = {isa = PBXBuildFile; fileRef = 496A06E11B276FB400649400 /* DripViewController.m */; };
		49C93C2B1B422191003AA114 /* SinaisVitais.plist in Resources */ = {isa = PBXBuildFile; fileRef = 49C93C2A1B422191003AA114 /* SinaisVitais.plist */; };
		49C93C2E1B4221B8003AA114 /* SinaisTableViewController.m in Sources */ = {isa = PBXBuildFile; fileRef = 49C93C2C1B4221B8003AA114 /* SinaisTableViewController.m */; };
		8B4CA36C1B3AF8B900B80AFD /* SearchTableViewController.m in Sources */ = {isa = PBXBuildFile; fileRef = 8B4CA36B1B3AF8B900B80AFD /* SearchTableViewController.m */; };
		8B4CA3711B3AFAB200B80AFD /* SearchDetailViewController.m in Sources */ = {isa = PBXBuildFile; fileRef = 8B4CA3701B3AFAB200B80AFD /* SearchDetailViewController.m */; };
		8B9428BB1B3A4C1100E715EC /* NSDictionary+TermoRecord.m in Sources */ = {isa = PBXBuildFile; fileRef = 8B9428BA1B3A4C1100E715EC /* NSDictionary+TermoRecord.m */; };
/* End PBXBuildFile section */

/* Begin PBXContainerItemProxy section */
		2A872F061B265E5C00252E27 /* PBXContainerItemProxy */ = {
			isa = PBXContainerItemProxy;
			containerPortal = 2A872EE41B265E5C00252E27 /* Project object */;
			proxyType = 1;
			remoteGlobalIDString = 2A872EEB1B265E5C00252E27;
			remoteInfo = HealthApp;
		};
/* End PBXContainerItemProxy section */

/* Begin PBXFileReference section */
		2A1422CA1B3B012F002DD43A /* Listas.plist */ = {isa = PBXFileReference; fileEncoding = 4; lastKnownFileType = text.plist.xml; path = Listas.plist; sourceTree = "<group>"; };
		2A1569041B3986E00058ECE8 /* FourthTableViewController.h */ = {isa = PBXFileReference; fileEncoding = 4; lastKnownFileType = sourcecode.c.h; path = FourthTableViewController.h; sourceTree = "<group>"; };
		2A1569051B3986E00058ECE8 /* FourthTableViewController.m */ = {isa = PBXFileReference; fileEncoding = 4; lastKnownFileType = sourcecode.c.objc; path = FourthTableViewController.m; sourceTree = "<group>"; };
		2A1569071B3991C30058ECE8 /* Termos.plist */ = {isa = PBXFileReference; fileEncoding = 4; lastKnownFileType = text.plist.xml; path = Termos.plist; sourceTree = "<group>"; };
		2A15DDDE1B9724EB00C9B0CA /* TestTableViewController.h */ = {isa = PBXFileReference; fileEncoding = 4; lastKnownFileType = sourcecode.c.h; path = TestTableViewController.h; sourceTree = "<group>"; };
		2A15DDDF1B9724EB00C9B0CA /* TestTableViewController.m */ = {isa = PBXFileReference; fileEncoding = 4; lastKnownFileType = sourcecode.c.objc; path = TestTableViewController.m; sourceTree = "<group>"; };
		2A15DDE11B972C7D00C9B0CA /* CustomCell.h */ = {isa = PBXFileReference; fileEncoding = 4; lastKnownFileType = sourcecode.c.h; path = CustomCell.h; sourceTree = "<group>"; };
		2A15DDE21B972C7D00C9B0CA /* CustomCell.m */ = {isa = PBXFileReference; fileEncoding = 4; lastKnownFileType = sourcecode.c.objc; path = CustomCell.m; sourceTree = "<group>"; };
		2A49D3531B39833800AB388A /* Doencas.plist */ = {isa = PBXFileReference; fileEncoding = 4; lastKnownFileType = text.plist.xml; path = Doencas.plist; sourceTree = "<group>"; };
		2A6CE9781B28722D0062CB5A /* TableViewController.h */ = {isa = PBXFileReference; fileEncoding = 4; lastKnownFileType = sourcecode.c.h; path = TableViewController.h; sourceTree = "<group>"; };
		2A6CE9791B28722D0062CB5A /* TableViewController.m */ = {isa = PBXFileReference; fileEncoding = 4; lastKnownFileType = sourcecode.c.objc; path = TableViewController.m; sourceTree = "<group>"; };
		2A7453B11B2B0BEF00A7E1EE /* ThirdTableViewController.h */ = {isa = PBXFileReference; fileEncoding = 4; lastKnownFileType = sourcecode.c.h; path = ThirdTableViewController.h; sourceTree = "<group>"; };
		2A7453B21B2B0BEF00A7E1EE /* ThirdTableViewController.m */ = {isa = PBXFileReference; fileEncoding = 4; lastKnownFileType = sourcecode.c.objc; path = ThirdTableViewController.m; sourceTree = "<group>"; };
		2A851A601B74E52400B4A4A4 /* DesenvolvedoresTableViewController.h */ = {isa = PBXFileReference; fileEncoding = 4; lastKnownFileType = sourcecode.c.h; path = DesenvolvedoresTableViewController.h; sourceTree = "<group>"; };
		2A851A611B74E52400B4A4A4 /* DesenvolvedoresTableViewController.m */ = {isa = PBXFileReference; fileEncoding = 4; lastKnownFileType = sourcecode.c.objc; path = DesenvolvedoresTableViewController.m; sourceTree = "<group>"; };
		2A872EEC1B265E5C00252E27 /* HealthApp.app */ = {isa = PBXFileReference; explicitFileType = wrapper.application; includeInIndex = 0; path = HealthApp.app; sourceTree = BUILT_PRODUCTS_DIR; };
		2A872EF01B265E5C00252E27 /* Info.plist */ = {isa = PBXFileReference; lastKnownFileType = text.plist.xml; path = Info.plist; sourceTree = "<group>"; };
		2A872EF11B265E5C00252E27 /* main.m */ = {isa = PBXFileReference; lastKnownFileType = sourcecode.c.objc; path = main.m; sourceTree = "<group>"; };
		2A872EF31B265E5C00252E27 /* AppDelegate.h */ = {isa = PBXFileReference; lastKnownFileType = sourcecode.c.h; path = AppDelegate.h; sourceTree = "<group>"; };
		2A872EF41B265E5C00252E27 /* AppDelegate.m */ = {isa = PBXFileReference; lastKnownFileType = sourcecode.c.objc; path = AppDelegate.m; sourceTree = "<group>"; };
		2A872EFA1B265E5C00252E27 /* Base */ = {isa = PBXFileReference; lastKnownFileType = file.storyboard; name = Base; path = Base.lproj/Main.storyboard; sourceTree = "<group>"; };
		2A872EFC1B265E5C00252E27 /* Images.xcassets */ = {isa = PBXFileReference; lastKnownFileType = folder.assetcatalog; path = Images.xcassets; sourceTree = "<group>"; };
		2A872EFF1B265E5C00252E27 /* Base */ = {isa = PBXFileReference; lastKnownFileType = file.xib; name = Base; path = Base.lproj/LaunchScreen.xib; sourceTree = "<group>"; };
		2A872F051B265E5C00252E27 /* HealthAppTests.xctest */ = {isa = PBXFileReference; explicitFileType = wrapper.cfbundle; includeInIndex = 0; path = HealthAppTests.xctest; sourceTree = BUILT_PRODUCTS_DIR; };
		2A872F0A1B265E5C00252E27 /* Info.plist */ = {isa = PBXFileReference; lastKnownFileType = text.plist.xml; path = Info.plist; sourceTree = "<group>"; };
		2A872F0B1B265E5C00252E27 /* HealthAppTests.m */ = {isa = PBXFileReference; lastKnownFileType = sourcecode.c.objc; path = HealthAppTests.m; sourceTree = "<group>"; };
		2A8DE7691B3999BF005AA2E0 /* Siglas.plist */ = {isa = PBXFileReference; fileEncoding = 4; lastKnownFileType = text.plist.xml; path = Siglas.plist; sourceTree = "<group>"; };
		2AC3A0DD1B2867AA0011F857 /* DoencaTableViewController.h */ = {isa = PBXFileReference; fileEncoding = 4; lastKnownFileType = sourcecode.c.h; path = DoencaTableViewController.h; sourceTree = "<group>"; };
		2AC3A0DE1B2867AA0011F857 /* DoencaTableViewController.m */ = {isa = PBXFileReference; fileEncoding = 4; lastKnownFileType = sourcecode.c.objc; path = DoencaTableViewController.m; sourceTree = "<group>"; };
		4905E48A1B7698D7005BFF29 /* Test.xcdatamodel */ = {isa = PBXFileReference; lastKnownFileType = wrapper.xcdatamodel; path = Test.xcdatamodel; sourceTree = "<group>"; };
		490C29CF1B39A019004C978B /* Color.h */ = {isa = PBXFileReference; fileEncoding = 4; lastKnownFileType = sourcecode.c.h; name = Color.h; path = ../Color.h; sourceTree = "<group>"; };
		490C29D01B39A019004C978B /* Color.m */ = {isa = PBXFileReference; fileEncoding = 4; lastKnownFileType = sourcecode.c.objc; name = Color.m; path = ../Color.m; sourceTree = "<group>"; };
		493E91161B39B1FC009F6096 /* SiglasTableViewController.h */ = {isa = PBXFileReference; fileEncoding = 4; lastKnownFileType = sourcecode.c.h; path = SiglasTableViewController.h; sourceTree = "<group>"; };
		493E91171B39B1FC009F6096 /* SiglasTableViewController.m */ = {isa = PBXFileReference; fileEncoding = 4; lastKnownFileType = sourcecode.c.objc; path = SiglasTableViewController.m; sourceTree = "<group>"; };
		493E91191B39B21A009F6096 /* SiglasViewController.h */ = {isa = PBXFileReference; fileEncoding = 4; lastKnownFileType = sourcecode.c.h; path = SiglasViewController.h; sourceTree = "<group>"; };
		493E911A1B39B21A009F6096 /* SiglasViewController.m */ = {isa = PBXFileReference; fileEncoding = 4; lastKnownFileType = sourcecode.c.objc; path = SiglasViewController.m; sourceTree = "<group>"; };
		493E911C1B3A08F7009F6096 /* ResultDripViewController.h */ = {isa = PBXFileReference; fileEncoding = 4; lastKnownFileType = sourcecode.c.h; path = ResultDripViewController.h; sourceTree = "<group>"; };
		493E911D1B3A08F7009F6096 /* ResultDripViewController.m */ = {isa = PBXFileReference; fileEncoding = 4; lastKnownFileType = sourcecode.c.objc; path = ResultDripViewController.m; sourceTree = "<group>"; };
		4940F3B01B7ABA99001277C3 /* RecentesDripTableViewController.h */ = {isa = PBXFileReference; fileEncoding = 4; lastKnownFileType = sourcecode.c.h; path = RecentesDripTableViewController.h; sourceTree = "<group>"; };
		4940F3B11B7ABA99001277C3 /* RecentesDripTableViewController.m */ = {isa = PBXFileReference; fileEncoding = 4; lastKnownFileType = sourcecode.c.objc; path = RecentesDripTableViewController.m; sourceTree = "<group>"; };
		49512EC71B2F0F28009ADD09 /* TermoTableViewController.h */ = {isa = PBXFileReference; fileEncoding = 4; lastKnownFileType = sourcecode.c.h; path = TermoTableViewController.h; sourceTree = "<group>"; };
		49512EC81B2F0F28009ADD09 /* TermoTableViewController.m */ = {isa = PBXFileReference; fileEncoding = 4; lastKnownFileType = sourcecode.c.objc; path = TermoTableViewController.m; sourceTree = "<group>"; };
		49512ECC1B2F2171009ADD09 /* TermoViewController.h */ = {isa = PBXFileReference; fileEncoding = 4; lastKnownFileType = sourcecode.c.h; path = TermoViewController.h; sourceTree = "<group>"; };
		49512ECD1B2F2171009ADD09 /* TermoViewController.m */ = {isa = PBXFileReference; fileEncoding = 4; lastKnownFileType = sourcecode.c.objc; path = TermoViewController.m; sourceTree = "<group>"; };
		49520F881B73A686003055EA /* SobreTableViewController.h */ = {isa = PBXFileReference; fileEncoding = 4; lastKnownFileType = sourcecode.c.h; path = SobreTableViewController.h; sourceTree = "<group>"; };
		49520F891B73A686003055EA /* SobreTableViewController.m */ = {isa = PBXFileReference; fileEncoding = 4; lastKnownFileType = sourcecode.c.objc; path = SobreTableViewController.m; sourceTree = "<group>"; };
		496A06E01B276FB400649400 /* DripViewController.h */ = {isa = PBXFileReference; fileEncoding = 4; lastKnownFileType = sourcecode.c.h; path = DripViewController.h; sourceTree = "<group>"; };
		496A06E11B276FB400649400 /* DripViewController.m */ = {isa = PBXFileReference; fileEncoding = 4; lastKnownFileType = sourcecode.c.objc; path = DripViewController.m; sourceTree = "<group>"; };
		49C93C2A1B422191003AA114 /* SinaisVitais.plist */ = {isa = PBXFileReference; fileEncoding = 4; lastKnownFileType = text.plist.xml; path = SinaisVitais.plist; sourceTree = "<group>"; };
		49C93C2C1B4221B8003AA114 /* SinaisTableViewController.m */ = {isa = PBXFileReference; fileEncoding = 4; lastKnownFileType = sourcecode.c.objc; path = SinaisTableViewController.m; sourceTree = "<group>"; };
		49C93C2D1B4221B8003AA114 /* SinaisTableViewController.h */ = {isa = PBXFileReference; fileEncoding = 4; lastKnownFileType = sourcecode.c.h; path = SinaisTableViewController.h; sourceTree = "<group>"; };
		8B4CA36A1B3AF8B900B80AFD /* SearchTableViewController.h */ = {isa = PBXFileReference; fileEncoding = 4; lastKnownFileType = sourcecode.c.h; path = SearchTableViewController.h; sourceTree = "<group>"; };
		8B4CA36B1B3AF8B900B80AFD /* SearchTableViewController.m */ = {isa = PBXFileReference; fileEncoding = 4; lastKnownFileType = sourcecode.c.objc; path = SearchTableViewController.m; sourceTree = "<group>"; };
		8B4CA36F1B3AFAB200B80AFD /* SearchDetailViewController.h */ = {isa = PBXFileReference; fileEncoding = 4; lastKnownFileType = sourcecode.c.h; path = SearchDetailViewController.h; sourceTree = "<group>"; };
		8B4CA3701B3AFAB200B80AFD /* SearchDetailViewController.m */ = {isa = PBXFileReference; fileEncoding = 4; lastKnownFileType = sourcecode.c.objc; path = SearchDetailViewController.m; sourceTree = "<group>"; };
		8B9428B91B3A4C1100E715EC /* NSDictionary+TermoRecord.h */ = {isa = PBXFileReference; fileEncoding = 4; lastKnownFileType = sourcecode.c.h; path = "NSDictionary+TermoRecord.h"; sourceTree = "<group>"; };
		8B9428BA1B3A4C1100E715EC /* NSDictionary+TermoRecord.m */ = {isa = PBXFileReference; fileEncoding = 4; lastKnownFileType = sourcecode.c.objc; path = "NSDictionary+TermoRecord.m"; sourceTree = "<group>"; };
/* End PBXFileReference section */

/* Begin PBXFrameworksBuildPhase section */
		2A872EE91B265E5C00252E27 /* Frameworks */ = {
			isa = PBXFrameworksBuildPhase;
			buildActionMask = 2147483647;
			files = (
			);
			runOnlyForDeploymentPostprocessing = 0;
		};
		2A872F021B265E5C00252E27 /* Frameworks */ = {
			isa = PBXFrameworksBuildPhase;
			buildActionMask = 2147483647;
			files = (
			);
			runOnlyForDeploymentPostprocessing = 0;
		};
/* End PBXFrameworksBuildPhase section */

/* Begin PBXGroup section */
		2A5E0AB21B27132D00027920 /* Controller */ = {
			isa = PBXGroup;
			children = (
				2A851A601B74E52400B4A4A4 /* DesenvolvedoresTableViewController.h */,
				2A851A611B74E52400B4A4A4 /* DesenvolvedoresTableViewController.m */,
				2A6CE9781B28722D0062CB5A /* TableViewController.h */,
				2A6CE9791B28722D0062CB5A /* TableViewController.m */,
				49520F881B73A686003055EA /* SobreTableViewController.h */,
				49520F891B73A686003055EA /* SobreTableViewController.m */,
				49487ECB1B716CC100BF20FC /* Gotejamento */,
				49487ECA1B716CA300BF20FC /* Doenças */,
				49487EC91B716C7D00BF20FC /* Termos Tecnicos */,
				49487EC81B716C5800BF20FC /* Siglas */,
				49487ECC1B716D8000BF20FC /* Sinais Vitais */,
				49487ECD1B716DC500BF20FC /* Busca Geral */,
			);
			name = Controller;
			sourceTree = "<group>";
		};
		2A872EE31B265E5C00252E27 = {
			isa = PBXGroup;
			children = (
				4905E4891B7698D7005BFF29 /* Test.xcdatamodeld */,
				2A872EF91B265E5C00252E27 /* Main.storyboard */,
				2A1422CA1B3B012F002DD43A /* Listas.plist */,
				2A49D3531B39833800AB388A /* Doencas.plist */,
				2A1569071B3991C30058ECE8 /* Termos.plist */,
				2A8DE7691B3999BF005AA2E0 /* Siglas.plist */,
				49C93C2A1B422191003AA114 /* SinaisVitais.plist */,
				2A5E0AB21B27132D00027920 /* Controller */,
				2A872EEE1B265E5C00252E27 /* HealthApp */,
				2A872F081B265E5C00252E27 /* HealthAppTests */,
				2A872EED1B265E5C00252E27 /* Products */,
			);
			sourceTree = "<group>";
		};
		2A872EED1B265E5C00252E27 /* Products */ = {
			isa = PBXGroup;
			children = (
				2A872EEC1B265E5C00252E27 /* HealthApp.app */,
				2A872F051B265E5C00252E27 /* HealthAppTests.xctest */,
			);
			name = Products;
			sourceTree = "<group>";
		};
		2A872EEE1B265E5C00252E27 /* HealthApp */ = {
			isa = PBXGroup;
			children = (
				2A872EF31B265E5C00252E27 /* AppDelegate.h */,
				2A872EF41B265E5C00252E27 /* AppDelegate.m */,
				490C29CF1B39A019004C978B /* Color.h */,
				490C29D01B39A019004C978B /* Color.m */,
				2A872EFC1B265E5C00252E27 /* Images.xcassets */,
				2A872EFE1B265E5C00252E27 /* LaunchScreen.xib */,
				2A872EEF1B265E5C00252E27 /* Supporting Files */,
			);
			path = HealthApp;
			sourceTree = "<group>";
		};
		2A872EEF1B265E5C00252E27 /* Supporting Files */ = {
			isa = PBXGroup;
			children = (
				2A872EF01B265E5C00252E27 /* Info.plist */,
				2A872EF11B265E5C00252E27 /* main.m */,
			);
			name = "Supporting Files";
			sourceTree = "<group>";
		};
		2A872F081B265E5C00252E27 /* HealthAppTests */ = {
			isa = PBXGroup;
			children = (
				2A872F0B1B265E5C00252E27 /* HealthAppTests.m */,
				2A872F091B265E5C00252E27 /* Supporting Files */,
			);
			path = HealthAppTests;
			sourceTree = "<group>";
		};
		2A872F091B265E5C00252E27 /* Supporting Files */ = {
			isa = PBXGroup;
			children = (
				2A872F0A1B265E5C00252E27 /* Info.plist */,
			);
			name = "Supporting Files";
			sourceTree = "<group>";
		};
		49487EC81B716C5800BF20FC /* Siglas */ = {
			isa = PBXGroup;
			children = (
				493E91161B39B1FC009F6096 /* SiglasTableViewController.h */,
				493E91171B39B1FC009F6096 /* SiglasTableViewController.m */,
				493E911A1B39B21A009F6096 /* SiglasViewController.m */,
				493E91191B39B21A009F6096 /* SiglasViewController.h */,
			);
			name = Siglas;
			sourceTree = "<group>";
		};
		49487EC91B716C7D00BF20FC /* Termos Tecnicos */ = {
			isa = PBXGroup;
			children = (
				49512EC71B2F0F28009ADD09 /* TermoTableViewController.h */,
				49512EC81B2F0F28009ADD09 /* TermoTableViewController.m */,
				49512ECC1B2F2171009ADD09 /* TermoViewController.h */,
				49512ECD1B2F2171009ADD09 /* TermoViewController.m */,
			);
			name = "Termos Tecnicos";
			sourceTree = "<group>";
		};
		49487ECA1B716CA300BF20FC /* Doenças */ = {
			isa = PBXGroup;
			children = (
				2AC3A0DD1B2867AA0011F857 /* DoencaTableViewController.h */,
				2AC3A0DE1B2867AA0011F857 /* DoencaTableViewController.m */,
				2A7453B11B2B0BEF00A7E1EE /* ThirdTableViewController.h */,
				2A7453B21B2B0BEF00A7E1EE /* ThirdTableViewController.m */,
				2A1569041B3986E00058ECE8 /* FourthTableViewController.h */,
				2A1569051B3986E00058ECE8 /* FourthTableViewController.m */,
			);
			name = "Doenças";
			sourceTree = "<group>";
		};
		49487ECB1B716CC100BF20FC /* Gotejamento */ = {
			isa = PBXGroup;
			children = (
				496A06E01B276FB400649400 /* DripViewController.h */,
				496A06E11B276FB400649400 /* DripViewController.m */,
				493E911C1B3A08F7009F6096 /* ResultDripViewController.h */,
				493E911D1B3A08F7009F6096 /* ResultDripViewController.m */,
				4940F3B01B7ABA99001277C3 /* RecentesDripTableViewController.h */,
				4940F3B11B7ABA99001277C3 /* RecentesDripTableViewController.m */,
			);
			name = Gotejamento;
			sourceTree = "<group>";
		};
		49487ECC1B716D8000BF20FC /* Sinais Vitais */ = {
			isa = PBXGroup;
			children = (
				49C93C2C1B4221B8003AA114 /* SinaisTableViewController.m */,
				49C93C2D1B4221B8003AA114 /* SinaisTableViewController.h */,
				2A15DDDE1B9724EB00C9B0CA /* TestTableViewController.h */,
				2A15DDDF1B9724EB00C9B0CA /* TestTableViewController.m */,
				2A15DDE11B972C7D00C9B0CA /* CustomCell.h */,
				2A15DDE21B972C7D00C9B0CA /* CustomCell.m */,
			);
			name = "Sinais Vitais";
			sourceTree = "<group>";
		};
		49487ECD1B716DC500BF20FC /* Busca Geral */ = {
			isa = PBXGroup;
			children = (
				8B9428BA1B3A4C1100E715EC /* NSDictionary+TermoRecord.m */,
				8B9428B91B3A4C1100E715EC /* NSDictionary+TermoRecord.h */,
				8B4CA36B1B3AF8B900B80AFD /* SearchTableViewController.m */,
				8B4CA36A1B3AF8B900B80AFD /* SearchTableViewController.h */,
				8B4CA3701B3AFAB200B80AFD /* SearchDetailViewController.m */,
				8B4CA36F1B3AFAB200B80AFD /* SearchDetailViewController.h */,
			);
			name = "Busca Geral";
			sourceTree = "<group>";
		};
/* End PBXGroup section */

/* Begin PBXNativeTarget section */
		2A872EEB1B265E5C00252E27 /* HealthApp */ = {
			isa = PBXNativeTarget;
			buildConfigurationList = 2A872F0F1B265E5C00252E27 /* Build configuration list for PBXNativeTarget "HealthApp" */;
			buildPhases = (
				2A872EE81B265E5C00252E27 /* Sources */,
				2A872EE91B265E5C00252E27 /* Frameworks */,
				2A872EEA1B265E5C00252E27 /* Resources */,
			);
			buildRules = (
			);
			dependencies = (
			);
			name = HealthApp;
			productName = HealthApp;
			productReference = 2A872EEC1B265E5C00252E27 /* HealthApp.app */;
			productType = "com.apple.product-type.application";
		};
		2A872F041B265E5C00252E27 /* HealthAppTests */ = {
			isa = PBXNativeTarget;
			buildConfigurationList = 2A872F121B265E5C00252E27 /* Build configuration list for PBXNativeTarget "HealthAppTests" */;
			buildPhases = (
				2A872F011B265E5C00252E27 /* Sources */,
				2A872F021B265E5C00252E27 /* Frameworks */,
				2A872F031B265E5C00252E27 /* Resources */,
			);
			buildRules = (
			);
			dependencies = (
				2A872F071B265E5C00252E27 /* PBXTargetDependency */,
			);
			name = HealthAppTests;
			productName = HealthAppTests;
			productReference = 2A872F051B265E5C00252E27 /* HealthAppTests.xctest */;
			productType = "com.apple.product-type.bundle.unit-test";
		};
/* End PBXNativeTarget section */

/* Begin PBXProject section */
		2A872EE41B265E5C00252E27 /* Project object */ = {
			isa = PBXProject;
			attributes = {
				LastSwiftUpdateCheck = 0700;
				LastUpgradeCheck = 0700;
				ORGANIZATIONNAME = "Filipe Silva";
				TargetAttributes = {
					2A872EEB1B265E5C00252E27 = {
						CreatedOnToolsVersion = 6.4;
					};
					2A872F041B265E5C00252E27 = {
						CreatedOnToolsVersion = 6.4;
						TestTargetID = 2A872EEB1B265E5C00252E27;
					};
				};
			};
			buildConfigurationList = 2A872EE71B265E5C00252E27 /* Build configuration list for PBXProject "HealthApp" */;
			compatibilityVersion = "Xcode 3.2";
			developmentRegion = English;
			hasScannedForEncodings = 0;
			knownRegions = (
				en,
				Base,
			);
			mainGroup = 2A872EE31B265E5C00252E27;
			productRefGroup = 2A872EED1B265E5C00252E27 /* Products */;
			projectDirPath = "";
			projectRoot = "";
			targets = (
				2A872EEB1B265E5C00252E27 /* HealthApp */,
				2A872F041B265E5C00252E27 /* HealthAppTests */,
			);
		};
/* End PBXProject section */

/* Begin PBXResourcesBuildPhase section */
		2A872EEA1B265E5C00252E27 /* Resources */ = {
			isa = PBXResourcesBuildPhase;
			buildActionMask = 2147483647;
			files = (
				2A872EFB1B265E5C00252E27 /* Main.storyboard in Resources */,
				2A49D3541B39833800AB388A /* Doencas.plist in Resources */,
				2A1569081B3991C30058ECE8 /* Termos.plist in Resources */,
				2A1422CB1B3B012F002DD43A /* Listas.plist in Resources */,
				2A872F001B265E5C00252E27 /* LaunchScreen.xib in Resources */,
				49C93C2B1B422191003AA114 /* SinaisVitais.plist in Resources */,
				2A872EFD1B265E5C00252E27 /* Images.xcassets in Resources */,
				2A8DE76A1B3999BF005AA2E0 /* Siglas.plist in Resources */,
			);
			runOnlyForDeploymentPostprocessing = 0;
		};
		2A872F031B265E5C00252E27 /* Resources */ = {
			isa = PBXResourcesBuildPhase;
			buildActionMask = 2147483647;
			files = (
			);
			runOnlyForDeploymentPostprocessing = 0;
		};
/* End PBXResourcesBuildPhase section */

/* Begin PBXSourcesBuildPhase section */
		2A872EE81B265E5C00252E27 /* Sources */ = {
			isa = PBXSourcesBuildPhase;
			buildActionMask = 2147483647;
			files = (
				49C93C2E1B4221B8003AA114 /* SinaisTableViewController.m in Sources */,
				8B4CA36C1B3AF8B900B80AFD /* SearchTableViewController.m in Sources */,
				2A15DDE31B972C7D00C9B0CA /* CustomCell.m in Sources */,
				2A851A621B74E52400B4A4A4 /* DesenvolvedoresTableViewController.m in Sources */,
				2A7453B31B2B0BEF00A7E1EE /* ThirdTableViewController.m in Sources */,
				49520F8A1B73A686003055EA /* SobreTableViewController.m in Sources */,
				2AC3A0DF1B2867AA0011F857 /* DoencaTableViewController.m in Sources */,
				493E911B1B39B21A009F6096 /* SiglasViewController.m in Sources */,
				2A1569061B3986E00058ECE8 /* FourthTableViewController.m in Sources */,
				8B9428BB1B3A4C1100E715EC /* NSDictionary+TermoRecord.m in Sources */,
				49512EC91B2F0F28009ADD09 /* TermoTableViewController.m in Sources */,
				493E911E1B3A08F7009F6096 /* ResultDripViewController.m in Sources */,
				2A6CE97A1B28722D0062CB5A /* TableViewController.m in Sources */,
				4940F3B21B7ABA99001277C3 /* RecentesDripTableViewController.m in Sources */,
				496A06E21B276FB400649400 /* DripViewController.m in Sources */,
				8B4CA3711B3AFAB200B80AFD /* SearchDetailViewController.m in Sources */,
				490C29D11B39A019004C978B /* Color.m in Sources */,
				493E91181B39B1FC009F6096 /* SiglasTableViewController.m in Sources */,
				4905E48B1B7698D7005BFF29 /* Test.xcdatamodeld in Sources */,
				2A15DDE01B9724EB00C9B0CA /* TestTableViewController.m in Sources */,
				2A872EF51B265E5C00252E27 /* AppDelegate.m in Sources */,
				2A872EF21B265E5C00252E27 /* main.m in Sources */,
				49512ECE1B2F2171009ADD09 /* TermoViewController.m in Sources */,
			);
			runOnlyForDeploymentPostprocessing = 0;
		};
		2A872F011B265E5C00252E27 /* Sources */ = {
			isa = PBXSourcesBuildPhase;
			buildActionMask = 2147483647;
			files = (
				2A872F0C1B265E5C00252E27 /* HealthAppTests.m in Sources */,
			);
			runOnlyForDeploymentPostprocessing = 0;
		};
/* End PBXSourcesBuildPhase section */

/* Begin PBXTargetDependency section */
		2A872F071B265E5C00252E27 /* PBXTargetDependency */ = {
			isa = PBXTargetDependency;
			target = 2A872EEB1B265E5C00252E27 /* HealthApp */;
			targetProxy = 2A872F061B265E5C00252E27 /* PBXContainerItemProxy */;
		};
/* End PBXTargetDependency section */

/* Begin PBXVariantGroup section */
		2A872EF91B265E5C00252E27 /* Main.storyboard */ = {
			isa = PBXVariantGroup;
			children = (
				2A872EFA1B265E5C00252E27 /* Base */,
			);
			name = Main.storyboard;
			path = HealthApp;
			sourceTree = "<group>";
		};
		2A872EFE1B265E5C00252E27 /* LaunchScreen.xib */ = {
			isa = PBXVariantGroup;
			children = (
				2A872EFF1B265E5C00252E27 /* Base */,
			);
			name = LaunchScreen.xib;
			sourceTree = "<group>";
		};
/* End PBXVariantGroup section */

/* Begin XCBuildConfiguration section */
		2A872F0D1B265E5C00252E27 /* Debug */ = {
			isa = XCBuildConfiguration;
			buildSettings = {
				ALWAYS_SEARCH_USER_PATHS = NO;
				CLANG_CXX_LANGUAGE_STANDARD = "gnu++0x";
				CLANG_CXX_LIBRARY = "libc++";
				CLANG_ENABLE_MODULES = YES;
				CLANG_ENABLE_OBJC_ARC = YES;
				CLANG_WARN_BOOL_CONVERSION = YES;
				CLANG_WARN_CONSTANT_CONVERSION = YES;
				CLANG_WARN_DIRECT_OBJC_ISA_USAGE = YES_ERROR;
				CLANG_WARN_EMPTY_BODY = YES;
				CLANG_WARN_ENUM_CONVERSION = YES;
				CLANG_WARN_INT_CONVERSION = YES;
				CLANG_WARN_OBJC_ROOT_CLASS = YES_ERROR;
				CLANG_WARN_UNREACHABLE_CODE = YES;
				CLANG_WARN__DUPLICATE_METHOD_MATCH = YES;
				"CODE_SIGN_IDENTITY[sdk=iphoneos*]" = "iPhone Developer";
				COPY_PHASE_STRIP = NO;
				DEBUG_INFORMATION_FORMAT = "dwarf-with-dsym";
				ENABLE_STRICT_OBJC_MSGSEND = YES;
				ENABLE_TESTABILITY = YES;
				GCC_C_LANGUAGE_STANDARD = gnu99;
				GCC_DYNAMIC_NO_PIC = NO;
				GCC_NO_COMMON_BLOCKS = YES;
				GCC_OPTIMIZATION_LEVEL = 0;
				GCC_PREPROCESSOR_DEFINITIONS = (
					"DEBUG=1",
					"$(inherited)",
				);
				GCC_SYMBOLS_PRIVATE_EXTERN = NO;
				GCC_WARN_64_TO_32_BIT_CONVERSION = YES;
				GCC_WARN_ABOUT_RETURN_TYPE = YES_ERROR;
				GCC_WARN_UNDECLARED_SELECTOR = YES;
				GCC_WARN_UNINITIALIZED_AUTOS = YES_AGGRESSIVE;
				GCC_WARN_UNUSED_FUNCTION = YES;
				GCC_WARN_UNUSED_VARIABLE = YES;
				IPHONEOS_DEPLOYMENT_TARGET = 8.4;
				MTL_ENABLE_DEBUG_INFO = YES;
				ONLY_ACTIVE_ARCH = YES;
				SDKROOT = iphoneos;
			};
			name = Debug;
		};
		2A872F0E1B265E5C00252E27 /* Release */ = {
			isa = XCBuildConfiguration;
			buildSettings = {
				ALWAYS_SEARCH_USER_PATHS = NO;
				CLANG_CXX_LANGUAGE_STANDARD = "gnu++0x";
				CLANG_CXX_LIBRARY = "libc++";
				CLANG_ENABLE_MODULES = YES;
				CLANG_ENABLE_OBJC_ARC = YES;
				CLANG_WARN_BOOL_CONVERSION = YES;
				CLANG_WARN_CONSTANT_CONVERSION = YES;
				CLANG_WARN_DIRECT_OBJC_ISA_USAGE = YES_ERROR;
				CLANG_WARN_EMPTY_BODY = YES;
				CLANG_WARN_ENUM_CONVERSION = YES;
				CLANG_WARN_INT_CONVERSION = YES;
				CLANG_WARN_OBJC_ROOT_CLASS = YES_ERROR;
				CLANG_WARN_UNREACHABLE_CODE = YES;
				CLANG_WARN__DUPLICATE_METHOD_MATCH = YES;
				"CODE_SIGN_IDENTITY[sdk=iphoneos*]" = "iPhone Developer";
				COPY_PHASE_STRIP = NO;
				DEBUG_INFORMATION_FORMAT = "dwarf-with-dsym";
				ENABLE_NS_ASSERTIONS = NO;
				ENABLE_STRICT_OBJC_MSGSEND = YES;
				GCC_C_LANGUAGE_STANDARD = gnu99;
				GCC_NO_COMMON_BLOCKS = YES;
				GCC_WARN_64_TO_32_BIT_CONVERSION = YES;
				GCC_WARN_ABOUT_RETURN_TYPE = YES_ERROR;
				GCC_WARN_UNDECLARED_SELECTOR = YES;
				GCC_WARN_UNINITIALIZED_AUTOS = YES_AGGRESSIVE;
				GCC_WARN_UNUSED_FUNCTION = YES;
				GCC_WARN_UNUSED_VARIABLE = YES;
				IPHONEOS_DEPLOYMENT_TARGET = 8.4;
				MTL_ENABLE_DEBUG_INFO = NO;
				SDKROOT = iphoneos;
				VALIDATE_PRODUCT = YES;
			};
			name = Release;
		};
		2A872F101B265E5C00252E27 /* Debug */ = {
			isa = XCBuildConfiguration;
			buildSettings = {
				ASSETCATALOG_COMPILER_APPICON_NAME = AppIcon;
				CLANG_ENABLE_MODULES = YES;
				INFOPLIST_FILE = HealthApp/Info.plist;
				IPHONEOS_DEPLOYMENT_TARGET = 8.4;
				LD_RUNPATH_SEARCH_PATHS = "$(inherited) @executable_path/Frameworks";
				PRODUCT_BUNDLE_IDENTIFIER = "BEPiD-AM.$(PRODUCT_NAME:rfc1034identifier)";
				PRODUCT_NAME = "$(TARGET_NAME)";
				SWIFT_OBJC_BRIDGING_HEADER = "HealthApp-Bridging-Header.h";
				SWIFT_OPTIMIZATION_LEVEL = "-Onone";
			};
			name = Debug;
		};
		2A872F111B265E5C00252E27 /* Release */ = {
			isa = XCBuildConfiguration;
			buildSettings = {
				ASSETCATALOG_COMPILER_APPICON_NAME = AppIcon;
				CLANG_ENABLE_MODULES = YES;
				INFOPLIST_FILE = HealthApp/Info.plist;
				IPHONEOS_DEPLOYMENT_TARGET = 8.4;
				LD_RUNPATH_SEARCH_PATHS = "$(inherited) @executable_path/Frameworks";
				PRODUCT_BUNDLE_IDENTIFIER = "BEPiD-AM.$(PRODUCT_NAME:rfc1034identifier)";
				PRODUCT_NAME = "$(TARGET_NAME)";
				SWIFT_OBJC_BRIDGING_HEADER = "HealthApp-Bridging-Header.h";
			};
			name = Release;
		};
		2A872F131B265E5C00252E27 /* Debug */ = {
			isa = XCBuildConfiguration;
			buildSettings = {
				BUNDLE_LOADER = "$(TEST_HOST)";
				FRAMEWORK_SEARCH_PATHS = (
					"$(SDKROOT)/Developer/Library/Frameworks",
					"$(inherited)",
				);
				GCC_PREPROCESSOR_DEFINITIONS = (
					"DEBUG=1",
					"$(inherited)",
				);
				INFOPLIST_FILE = HealthAppTests/Info.plist;
				LD_RUNPATH_SEARCH_PATHS = "$(inherited) @executable_path/Frameworks @loader_path/Frameworks";
				PRODUCT_BUNDLE_IDENTIFIER = "BEPiD-AM.$(PRODUCT_NAME:rfc1034identifier)";
				PRODUCT_NAME = "$(TARGET_NAME)";
				TEST_HOST = "$(BUILT_PRODUCTS_DIR)/HealthApp.app/HealthApp";
			};
			name = Debug;
		};
		2A872F141B265E5C00252E27 /* Release */ = {
			isa = XCBuildConfiguration;
			buildSettings = {
				BUNDLE_LOADER = "$(TEST_HOST)";
				FRAMEWORK_SEARCH_PATHS = (
					"$(SDKROOT)/Developer/Library/Frameworks",
					"$(inherited)",
				);
				INFOPLIST_FILE = HealthAppTests/Info.plist;
				LD_RUNPATH_SEARCH_PATHS = "$(inherited) @executable_path/Frameworks @loader_path/Frameworks";
				PRODUCT_BUNDLE_IDENTIFIER = "BEPiD-AM.$(PRODUCT_NAME:rfc1034identifier)";
				PRODUCT_NAME = "$(TARGET_NAME)";
				TEST_HOST = "$(BUILT_PRODUCTS_DIR)/HealthApp.app/HealthApp";
			};
			name = Release;
		};
/* End XCBuildConfiguration section */

/* Begin XCConfigurationList section */
		2A872EE71B265E5C00252E27 /* Build configuration list for PBXProject "HealthApp" */ = {
			isa = XCConfigurationList;
			buildConfigurations = (
				2A872F0D1B265E5C00252E27 /* Debug */,
				2A872F0E1B265E5C00252E27 /* Release */,
			);
			defaultConfigurationIsVisible = 0;
			defaultConfigurationName = Release;
		};
		2A872F0F1B265E5C00252E27 /* Build configuration list for PBXNativeTarget "HealthApp" */ = {
			isa = XCConfigurationList;
			buildConfigurations = (
				2A872F101B265E5C00252E27 /* Debug */,
				2A872F111B265E5C00252E27 /* Release */,
			);
			defaultConfigurationIsVisible = 0;
			defaultConfigurationName = Release;
		};
		2A872F121B265E5C00252E27 /* Build configuration list for PBXNativeTarget "HealthAppTests" */ = {
			isa = XCConfigurationList;
			buildConfigurations = (
				2A872F131B265E5C00252E27 /* Debug */,
				2A872F141B265E5C00252E27 /* Release */,
			);
			defaultConfigurationIsVisible = 0;
			defaultConfigurationName = Release;
		};
/* End XCConfigurationList section */

/* Begin XCVersionGroup section */
		4905E4891B7698D7005BFF29 /* Test.xcdatamodeld */ = {
			isa = XCVersionGroup;
			children = (
				4905E48A1B7698D7005BFF29 /* Test.xcdatamodel */,
			);
			currentVersion = 4905E48A1B7698D7005BFF29 /* Test.xcdatamodel */;
			path = Test.xcdatamodeld;
			sourceTree = "<group>";
			versionGroupType = wrapper.xcdatamodel;
		};
/* End XCVersionGroup section */
	};
	rootObject = 2A872EE41B265E5C00252E27 /* Project object */;
}
